{
  "name": "day17",
  "lockfileVersion": 3,
  "requires": true,
  "packages": {
    "": {
      "dependencies": {
        "heap-js": "^2.3.0"
      }
    },
    "node_modules/heap-js": {
      "version": "2.3.0",
      "resolved": "https://registry.npmjs.org/heap-js/-/heap-js-2.3.0.tgz",
      "integrity": "sha512-E5303mzwQ+4j/n2J0rDvEPBN7GKjhis10oHiYOgjxsmxYgqG++hz9NyLLOXttzH8as/DyiBHYpUrJTZWYaMo8Q==",
      "engines": {
        "node": ">=10.0.0"
      }
    }
  }
}
